{
  "nodes": {
    "flake-parts": {
      "inputs": {
        "nixpkgs-lib": "nixpkgs-lib"
      },
      "locked": {
        "lastModified": 1754487366,
        "narHash": "sha256-pHYj8gUBapuUzKV/kN/tR3Zvqc7o6gdFB9XKXIp1SQ8=",
        "owner": "hercules-ci",
        "repo": "flake-parts",
        "rev": "af66ad14b28a127c5c0f3bbb298218fc63528a18",
        "type": "github"
      },
      "original": {
        "owner": "hercules-ci",
        "repo": "flake-parts",
        "type": "github"
      }
    },
    "flake-utils": {
      "locked": {
        "lastModified": 1644229661,
        "narHash": "sha256-1YdnJAsNy69bpcjuoKdOYQX0YxZBiCYZo4Twxerqv7k=",
        "owner": "numtide",
        "repo": "flake-utils",
        "rev": "3cecb5b042f7f209c56ffd8371b2711a290ec797",
        "type": "github"
      },
      "original": {
        "owner": "numtide",
        "repo": "flake-utils",
        "type": "github"
      }
    },
    "foundry": {
      "inputs": {
        "flake-utils": "flake-utils",
        "nixpkgs": "nixpkgs"
      },
      "locked": {
        "lastModified": 1754989872,
        "narHash": "sha256-RTl+0GmWIoQium3VN+HjHl2wbZjnRLz5kawo6PMpOYc=",
        "owner": "shazow",
        "repo": "foundry.nix",
        "rev": "6eebe42cec5740c1fbcf2c32ce49f2f8d0e992a9",
        "type": "github"
      },
      "original": {
        "owner": "shazow",
        "ref": "stable",
        "repo": "foundry.nix",
        "type": "github"
      }
    },
    "nixpkgs": {
      "locked": {
        "lastModified": 1666753130,
        "narHash": "sha256-Wff1dGPFSneXJLI2c0kkdWTgxnQ416KE6X4KnFkgPYQ=",
        "owner": "NixOS",
        "repo": "nixpkgs",
        "rev": "f540aeda6f677354f1e7144ab04352f61aaa0118",
        "type": "github"
      },
      "original": {
        "id": "nixpkgs",
        "type": "indirect"
      }
    },
    "nixpkgs-lib": {
      "locked": {
        "lastModified": 1753579242,
        "narHash": "sha256-zvaMGVn14/Zz8hnp4VWT9xVnhc8vuL3TStRqwk22biA=",
        "owner": "nix-community",
        "repo": "nixpkgs.lib",
        "rev": "0f36c44e01a6129be94e3ade315a5883f0228a6e",
        "type": "github"
      },
      "original": {
        "owner": "nix-community",
        "repo": "nixpkgs.lib",
        "type": "github"
      }
    },
    "nixpkgs_2": {
      "locked": {
        "lastModified": 1755175540,
        "narHash": "sha256-V0j2S1r25QnbqBLzN2Rg/dKKil789bI3P3id7bDPVc4=",
        "owner": "nixos",
        "repo": "nixpkgs",
        "rev": "a595dde4d0d31606e19dcec73db02279db59d201",
        "type": "github"
      },
      "original": {
        "owner": "nixos",
        "ref": "nixpkgs-unstable",
        "repo": "nixpkgs",
        "type": "github"
      }
    },
    "nixpkgs_3": {
      "locked": {
        "lastModified": 1744536153,
        "narHash": "sha256-awS2zRgF4uTwrOKwwiJcByDzDOdo3Q1rPZbiHQg/N38=",
        "owner": "NixOS",
        "repo": "nixpkgs",
        "rev": "18dd725c29603f582cf1900e0d25f9f1063dbf11",
        "type": "github"
      },
      "original": {
        "owner": "NixOS",
        "ref": "nixpkgs-unstable",
        "repo": "nixpkgs",
        "type": "github"
      }
    },
    "process-compose-flake": {
      "locked": {
        "lastModified": 1749418557,
        "narHash": "sha256-wJHHckWz4Gvj8HXtM5WVJzSKXAEPvskQANVoRiu2w1w=",
        "owner": "Platonic-Systems",
        "repo": "process-compose-flake",
        "rev": "91dcc48a6298e47e2441ec76df711f4e38eab94e",
        "type": "github"
      },
      "original": {
        "owner": "Platonic-Systems",
        "repo": "process-compose-flake",
        "type": "github"
      }
    },
    "root": {
      "inputs": {
        "flake-parts": "flake-parts",
        "foundry": "foundry",
        "nixpkgs": "nixpkgs_2",
        "process-compose-flake": "process-compose-flake",
        "rust": "rust",
        "services-flake": "services-flake"
      }
    },
    "rust": {
      "inputs": {
        "nixpkgs": "nixpkgs_3"
      },
      "locked": {
        "lastModified": 1755225702,
        "narHash": "sha256-i7Rgs943NqX0RgQW0/l1coi8eWBj3XhxVggMpjjzTsk=",
        "owner": "oxalica",
        "repo": "rust-overlay",
        "rev": "4abaeba6b176979be0da0195b9e4ce86bc501ae4",
        "type": "github"
      },
      "original": {
        "owner": "oxalica",
        "repo": "rust-overlay",
        "type": "github"
      }
    },
    "services-flake": {
      "locked": {
        "lastModified": 1755091348,
        "narHash": "sha256-aJI3n1CO3ib6CtK1/xuUyfIZM0Lp2zdCFMsFYjjfgQo=",
        "owner": "juspay",
        "repo": "services-flake",
        "rev": "0a3805ceced9f02254d472cc71839811fae85357",
        "type": "github"
      },
      "original": {
        "owner": "juspay",
        "repo": "services-flake",
        "type": "github"
      }
    }
  },
  "root": "root",
  "version": 7
}
