{
  "nodes": {
    "fenix": {
      "inputs": {
        "nixpkgs": [
          "nixpkgs"
        ],
        "rust-analyzer-src": "rust-analyzer-src"
      },
      "locked": {
        "lastModified": 1755585599,
        "narHash": "sha256-tl/0cnsqB/Yt7DbaGMel2RLa7QG5elA8lkaOXli6VdY=",
        "owner": "nix-community",
        "repo": "fenix",
        "rev": "6ed03ef4c8ec36d193c18e06b9ecddde78fb7e42",
        "type": "github"
      },
      "original": {
        "owner": "nix-community",
        "repo": "fenix",
        "type": "github"
      }
    },
    "flake-parts": {
      "inputs": {
        "nixpkgs-lib": "nixpkgs-lib"
      },
      "locked": {
        "lastModified": 1754487366,
        "narHash": "sha256-pHYj8gUBapuUzKV/kN/tR3Zvqc7o6gdFB9XKXIp1SQ8=",
        "owner": "hercules-ci",
        "repo": "flake-parts",
        "rev": "af66ad14b28a127c5c0f3bbb298218fc63528a18",
        "type": "github"
      },
      "original": {
        "owner": "hercules-ci",
        "repo": "flake-parts",
        "type": "github"
      }
    },
    "flake-utils": {
      "locked": {
        "lastModified": 1644229661,
        "narHash": "sha256-1YdnJAsNy69bpcjuoKdOYQX0YxZBiCYZo4Twxerqv7k=",
        "owner": "numtide",
        "repo": "flake-utils",
        "rev": "3cecb5b042f7f209c56ffd8371b2711a290ec797",
        "type": "github"
      },
      "original": {
        "owner": "numtide",
        "repo": "flake-utils",
        "type": "github"
      }
    },
    "foundry": {
      "inputs": {
        "flake-utils": "flake-utils",
        "nixpkgs": "nixpkgs"
      },
      "locked": {
        "lastModified": 1760001025,
        "narHash": "sha256-j/jPNlW2W4zwV2rSqgw5ts1VoTXVe5n3CNXFvtQhK3Q=",
        "owner": "shazow",
        "repo": "foundry.nix",
        "rev": "b7adb89167832516589c899addcd25ca2a78dcfe",
        "type": "github"
      },
      "original": {
        "owner": "shazow",
        "repo": "foundry.nix",
        "rev": "b7adb89167832516589c899addcd25ca2a78dcfe",
        "type": "github"
      }
    },
    "nixpkgs": {
      "locked": {
        "lastModified": 1666753130,
        "narHash": "sha256-Wff1dGPFSneXJLI2c0kkdWTgxnQ416KE6X4KnFkgPYQ=",
        "owner": "NixOS",
        "repo": "nixpkgs",
        "rev": "f540aeda6f677354f1e7144ab04352f61aaa0118",
        "type": "github"
      },
      "original": {
        "id": "nixpkgs",
        "type": "indirect"
      }
    },
    "nixpkgs-lib": {
      "locked": {
        "lastModified": 1753579242,
        "narHash": "sha256-zvaMGVn14/Zz8hnp4VWT9xVnhc8vuL3TStRqwk22biA=",
        "owner": "nix-community",
        "repo": "nixpkgs.lib",
        "rev": "0f36c44e01a6129be94e3ade315a5883f0228a6e",
        "type": "github"
      },
      "original": {
        "owner": "nix-community",
        "repo": "nixpkgs.lib",
        "type": "github"
      }
    },
    "nixpkgs_2": {
      "locked": {
        "lastModified": 1756128520,
        "narHash": "sha256-R94HxJBi+RK1iCm8Y4Q9pdrHZl0GZoDPIaYwjxRNPh4=",
        "owner": "nixos",
        "repo": "nixpkgs",
        "rev": "c53baa6685261e5253a1c355a1b322f82674a824",
        "type": "github"
      },
      "original": {
        "owner": "nixos",
        "ref": "nixpkgs-unstable",
        "repo": "nixpkgs",
        "type": "github"
      }
    },
    "process-compose-flake": {
      "locked": {
        "lastModified": 1749418557,
        "narHash": "sha256-wJHHckWz4Gvj8HXtM5WVJzSKXAEPvskQANVoRiu2w1w=",
        "owner": "Platonic-Systems",
        "repo": "process-compose-flake",
        "rev": "91dcc48a6298e47e2441ec76df711f4e38eab94e",
        "type": "github"
      },
      "original": {
        "owner": "Platonic-Systems",
        "repo": "process-compose-flake",
        "type": "github"
      }
    },
    "root": {
      "inputs": {
        "fenix": "fenix",
        "flake-parts": "flake-parts",
        "foundry": "foundry",
        "nixpkgs": "nixpkgs_2",
        "process-compose-flake": "process-compose-flake",
        "services-flake": "services-flake"
      }
    },
    "rust-analyzer-src": {
      "flake": false,
      "locked": {
        "lastModified": 1755504847,
        "narHash": "sha256-VX0B9hwhJypCGqncVVLC+SmeMVd/GAYbJZ0MiiUn2Pk=",
        "owner": "rust-lang",
        "repo": "rust-analyzer",
        "rev": "a905e3b21b144d77e1b304e49f3264f6f8d4db75",
        "type": "github"
      },
      "original": {
        "owner": "rust-lang",
        "ref": "nightly",
        "repo": "rust-analyzer",
        "type": "github"
      }
    },
    "services-flake": {
      "locked": {
        "lastModified": 1755996515,
        "narHash": "sha256-1RQQIDhshp1g4PP5teqibcFLfk/ckTDOJRckecAHiU0=",
        "owner": "juspay",
        "repo": "services-flake",
        "rev": "e316d6b994fd153f0c35d54bd07d60e53f0ad9a9",
        "type": "github"
      },
      "original": {
        "owner": "juspay",
        "repo": "services-flake",
        "type": "github"
      }
    }
  },
  "root": "root",
  "version": 7
}
